
Microsoft Visual Studio Solution File, Format Version 12.00
# Visual Studio Version 16
VisualStudioVersion = 16.0.29215.179
MinimumVisualStudioVersion = 10.0.40219.1
Project("{FAE04EC0-301F-11D3-BF4B-00C04F79EFBC}") = "Conditiona_statement", "Conditiona_statement\Conditiona_statement.csproj", "{0F41C1EB-54D6-4422-BBB2-F4C31FBA51C1}"
EndProject
Global
	GlobalSection(SolutionConfigurationPlatforms) = preSolution
		Debug|Any CPU = Debug|Any CPU
		Release|Any CPU = Release|Any CPU
	EndGlobalSection
	GlobalSection(ProjectConfigurationPlatforms) = postSolution
		{0F41C1EB-54D6-4422-BBB2-F4C31FBA51C1}.Debug|Any CPU.ActiveCfg = Debug|Any CPU
		{0F41C1EB-54D6-4422-BBB2-F4C31FBA51C1}.Debug|Any CPU.Build.0 = Debug|Any CPU
		{0F41C1EB-54D6-4422-BBB2-F4C31FBA51C1}.Release|Any CPU.ActiveCfg = Release|Any CPU
		{0F41C1EB-54D6-4422-BBB2-F4C31FBA51C1}.Release|Any CPU.Build.0 = Release|Any CPU
	EndGlobalSection
	GlobalSection(SolutionProperties) = preSolution
		HideSolutionNode = FALSE
	EndGlobalSection
	GlobalSection(ExtensibilityGlobals) = postSolution
		SolutionGuid = {EA17D3E2-219B-436F-87E8-EC15A4CD20C0}
	EndGlobalSection
EndGlobal
